// !$*UTF8*$!
{
	archiveVersion = 1;
	classes = {
	};
	objectVersion = 56;
	objects = {

/* Begin PBXBuildFile section */
		3C72F3862A65BBDE00F46F16 /* Now_n__NextApp.swift in Sources */ = {isa = PBXBuildFile; fileRef = 3C72F3852A65BBDE00F46F16 /* Now_n__NextApp.swift */; };
		3C72F3882A65BBDE00F46F16 /* ContentView.swift in Sources */ = {isa = PBXBuildFile; fileRef = 3C72F3872A65BBDE00F46F16 /* ContentView.swift */; };
		3C72F38A2A65BBDF00F46F16 /* Assets.xcassets in Resources */ = {isa = PBXBuildFile; fileRef = 3C72F3892A65BBDF00F46F16 /* Assets.xcassets */; };
		3C72F38D2A65BBDF00F46F16 /* Preview Assets.xcassets in Resources */ = {isa = PBXBuildFile; fileRef = 3C72F38C2A65BBDF00F46F16 /* Preview Assets.xcassets */; };
		3C72F3972A65BBDF00F46F16 /* Now_n__NextTests.swift in Sources */ = {isa = PBXBuildFile; fileRef = 3C72F3962A65BBDF00F46F16 /* Now_n__NextTests.swift */; };
		3C72F3A12A65BBDF00F46F16 /* Now_n__NextUITests.swift in Sources */ = {isa = PBXBuildFile; fileRef = 3C72F3A02A65BBDF00F46F16 /* Now_n__NextUITests.swift */; };
		3C72F3A32A65BBDF00F46F16 /* Now_n__NextUITestsLaunchTests.swift in Sources */ = {isa = PBXBuildFile; fileRef = 3C72F3A22A65BBDF00F46F16 /* Now_n__NextUITestsLaunchTests.swift */; };
/* End PBXBuildFile section */

/* Begin PBXContainerItemProxy section */
		3C72F3932A65BBDF00F46F16 /* PBXContainerItemProxy */ = {
			isa = PBXContainerItemProxy;
			containerPortal = 3C72F37A2A65BBDE00F46F16 /* Project object */;
			proxyType = 1;
			remoteGlobalIDString = 3C72F3812A65BBDE00F46F16;
			remoteInfo = "Now n' Next";
		};
		3C72F39D2A65BBDF00F46F16 /* PBXContainerItemProxy */ = {
			isa = PBXContainerItemProxy;
			containerPortal = 3C72F37A2A65BBDE00F46F16 /* Project object */;
			proxyType = 1;
			remoteGlobalIDString = 3C72F3812A65BBDE00F46F16;
			remoteInfo = "Now n' Next";
		};
/* End PBXContainerItemProxy section */

/* Begin PBXFileReference section */
		3C72F3822A65BBDE00F46F16 /* Now n' Next.app */ = {isa = PBXFileReference; explicitFileType = wrapper.application; includeInIndex = 0; path = "Now n' Next.app"; sourceTree = BUILT_PRODUCTS_DIR; };
		3C72F3852A65BBDE00F46F16 /* Now_n__NextApp.swift */ = {isa = PBXFileReference; lastKnownFileType = sourcecode.swift; path = Now_n__NextApp.swift; sourceTree = "<group>"; };
		3C72F3872A65BBDE00F46F16 /* ContentView.swift */ = {isa = PBXFileReference; lastKnownFileType = sourcecode.swift; path = ContentView.swift; sourceTree = "<group>"; };
		3C72F3892A65BBDF00F46F16 /* Assets.xcassets */ = {isa = PBXFileReference; lastKnownFileType = folder.assetcatalog; path = Assets.xcassets; sourceTree = "<group>"; };
		3C72F38C2A65BBDF00F46F16 /* Preview Assets.xcassets */ = {isa = PBXFileReference; lastKnownFileType = folder.assetcatalog; path = "Preview Assets.xcassets"; sourceTree = "<group>"; };
		3C72F3922A65BBDF00F46F16 /* Now n' NextTests.xctest */ = {isa = PBXFileReference; explicitFileType = wrapper.cfbundle; includeInIndex = 0; path = "Now n' NextTests.xctest"; sourceTree = BUILT_PRODUCTS_DIR; };
		3C72F3962A65BBDF00F46F16 /* Now_n__NextTests.swift */ = {isa = PBXFileReference; lastKnownFileType = sourcecode.swift; path = Now_n__NextTests.swift; sourceTree = "<group>"; };
		3C72F39C2A65BBDF00F46F16 /* Now n' NextUITests.xctest */ = {isa = PBXFileReference; explicitFileType = wrapper.cfbundle; includeInIndex = 0; path = "Now n' NextUITests.xctest"; sourceTree = BUILT_PRODUCTS_DIR; };
		3C72F3A02A65BBDF00F46F16 /* Now_n__NextUITests.swift */ = {isa = PBXFileReference; lastKnownFileType = sourcecode.swift; path = Now_n__NextUITests.swift; sourceTree = "<group>"; };
		3C72F3A22A65BBDF00F46F16 /* Now_n__NextUITestsLaunchTests.swift */ = {isa = PBXFileReference; lastKnownFileType = sourcecode.swift; path = Now_n__NextUITestsLaunchTests.swift; sourceTree = "<group>"; };
/* End PBXFileReference section */

/* Begin PBXFrameworksBuildPhase section */
		3C72F37F2A65BBDE00F46F16 /* Frameworks */ = {
			isa = PBXFrameworksBuildPhase;
			buildActionMask = 2147483647;
			files = (
			);
			runOnlyForDeploymentPostprocessing = 0;
		};
		3C72F38F2A65BBDF00F46F16 /* Frameworks */ = {
			isa = PBXFrameworksBuildPhase;
			buildActionMask = 2147483647;
			files = (
			);
			runOnlyForDeploymentPostprocessing = 0;
		};
		3C72F3992A65BBDF00F46F16 /* Frameworks */ = {
			isa = PBXFrameworksBuildPhase;
			buildActionMask = 2147483647;
			files = (
			);
			runOnlyForDeploymentPostprocessing = 0;
		};
/* End PBXFrameworksBuildPhase section */

/* Begin PBXGroup section */
		3C72F3792A65BBDE00F46F16 = {
			isa = PBXGroup;
			children = (
				3C72F3842A65BBDE00F46F16 /* Now n' Next */,
				3C72F3952A65BBDF00F46F16 /* Now n' NextTests */,
				3C72F39F2A65BBDF00F46F16 /* Now n' NextUITests */,
				3C72F3832A65BBDE00F46F16 /* Products */,
			);
			sourceTree = "<group>";
		};
		3C72F3832A65BBDE00F46F16 /* Products */ = {
			isa = PBXGroup;
			children = (
				3C72F3822A65BBDE00F46F16 /* Now n' Next.app */,
				3C72F3922A65BBDF00F46F16 /* Now n' NextTests.xctest */,
				3C72F39C2A65BBDF00F46F16 /* Now n' NextUITests.xctest */,
			);
			name = Products;
			sourceTree = "<group>";
		};
		3C72F3842A65BBDE00F46F16 /* Now n' Next */ = {
			isa = PBXGroup;
			children = (
				3C72F3852A65BBDE00F46F16 /* Now_n__NextApp.swift */,
				3C72F3872A65BBDE00F46F16 /* ContentView.swift */,
				3C72F3892A65BBDF00F46F16 /* Assets.xcassets */,
				3C72F38B2A65BBDF00F46F16 /* Preview Content */,
			);
			path = "Now n' Next";
			sourceTree = "<group>";
		};
		3C72F38B2A65BBDF00F46F16 /* Preview Content */ = {
			isa = PBXGroup;
			children = (
				3C72F38C2A65BBDF00F46F16 /* Preview Assets.xcassets */,
			);
			path = "Preview Content";
			sourceTree = "<group>";
		};
		3C72F3952A65BBDF00F46F16 /* Now n' NextTests */ = {
			isa = PBXGroup;
			children = (
				3C72F3962A65BBDF00F46F16 /* Now_n__NextTests.swift */,
			);
			path = "Now n' NextTests";
			sourceTree = "<group>";
		};
		3C72F39F2A65BBDF00F46F16 /* Now n' NextUITests */ = {
			isa = PBXGroup;
			children = (
				3C72F3A02A65BBDF00F46F16 /* Now_n__NextUITests.swift */,
				3C72F3A22A65BBDF00F46F16 /* Now_n__NextUITestsLaunchTests.swift */,
			);
			path = "Now n' NextUITests";
			sourceTree = "<group>";
		};
/* End PBXGroup section */

/* Begin PBXNativeTarget section */
		3C72F3812A65BBDE00F46F16 /* Now n' Next */ = {
			isa = PBXNativeTarget;
			buildConfigurationList = 3C72F3A62A65BBDF00F46F16 /* Build configuration list for PBXNativeTarget "Now n' Next" */;
			buildPhases = (
				3C72F37E2A65BBDE00F46F16 /* Sources */,
				3C72F37F2A65BBDE00F46F16 /* Frameworks */,
				3C72F3802A65BBDE00F46F16 /* Resources */,
			);
			buildRules = (
			);
			dependencies = (
			);
			name = "Now n' Next";
			productName = "Now n' Next";
			productReference = 3C72F3822A65BBDE00F46F16 /* Now n' Next.app */;
			productType = "com.apple.product-type.application";
		};
		3C72F3912A65BBDF00F46F16 /* Now n' NextTests */ = {
			isa = PBXNativeTarget;
			buildConfigurationList = 3C72F3A92A65BBDF00F46F16 /* Build configuration list for PBXNativeTarget "Now n' NextTests" */;
			buildPhases = (
				3C72F38E2A65BBDF00F46F16 /* Sources */,
				3C72F38F2A65BBDF00F46F16 /* Frameworks */,
				3C72F3902A65BBDF00F46F16 /* Resources */,
			);
			buildRules = (
			);
			dependencies = (
				3C72F3942A65BBDF00F46F16 /* PBXTargetDependency */,
			);
			name = "Now n' NextTests";
			productName = "Now n' NextTests";
			productReference = 3C72F3922A65BBDF00F46F16 /* Now n' NextTests.xctest */;
			productType = "com.apple.product-type.bundle.unit-test";
		};
		3C72F39B2A65BBDF00F46F16 /* Now n' NextUITests */ = {
			isa = PBXNativeTarget;
			buildConfigurationList = 3C72F3AC2A65BBDF00F46F16 /* Build configuration list for PBXNativeTarget "Now n' NextUITests" */;
			buildPhases = (
				3C72F3982A65BBDF00F46F16 /* Sources */,
				3C72F3992A65BBDF00F46F16 /* Frameworks */,
				3C72F39A2A65BBDF00F46F16 /* Resources */,
			);
			buildRules = (
			);
			dependencies = (
				3C72F39E2A65BBDF00F46F16 /* PBXTargetDependency */,
			);
			name = "Now n' NextUITests";
			productName = "Now n' NextUITests";
			productReference = 3C72F39C2A65BBDF00F46F16 /* Now n' NextUITests.xctest */;
			productType = "com.apple.product-type.bundle.ui-testing";
		};
/* End PBXNativeTarget section */

/* Begin PBXProject section */
		3C72F37A2A65BBDE00F46F16 /* Project object */ = {
			isa = PBXProject;
			attributes = {
				BuildIndependentTargetsInParallel = 1;
				LastSwiftUpdateCheck = 1430;
				LastUpgradeCheck = 1430;
				TargetAttributes = {
					3C72F3812A65BBDE00F46F16 = {
						CreatedOnToolsVersion = 14.3.1;
					};
					3C72F3912A65BBDF00F46F16 = {
						CreatedOnToolsVersion = 14.3.1;
						TestTargetID = 3C72F3812A65BBDE00F46F16;
					};
					3C72F39B2A65BBDF00F46F16 = {
						CreatedOnToolsVersion = 14.3.1;
						TestTargetID = 3C72F3812A65BBDE00F46F16;
					};
				};
			};
			buildConfigurationList = 3C72F37D2A65BBDE00F46F16 /* Build configuration list for PBXProject "Now n' Next" */;
			compatibilityVersion = "Xcode 14.0";
			developmentRegion = en;
			hasScannedForEncodings = 0;
			knownRegions = (
				en,
				Base,
			);
			mainGroup = 3C72F3792A65BBDE00F46F16;
			productRefGroup = 3C72F3832A65BBDE00F46F16 /* Products */;
			projectDirPath = "";
			projectRoot = "";
			targets = (
				3C72F3812A65BBDE00F46F16 /* Now n' Next */,
				3C72F3912A65BBDF00F46F16 /* Now n' NextTests */,
				3C72F39B2A65BBDF00F46F16 /* Now n' NextUITests */,
			);
		};
/* End PBXProject section */

/* Begin PBXResourcesBuildPhase section */
		3C72F3802A65BBDE00F46F16 /* Resources */ = {
			isa = PBXResourcesBuildPhase;
			buildActionMask = 2147483647;
			files = (
				3C72F38D2A65BBDF00F46F16 /* Preview Assets.xcassets in Resources */,
				3C72F38A2A65BBDF00F46F16 /* Assets.xcassets in Resources */,
			);
			runOnlyForDeploymentPostprocessing = 0;
		};
		3C72F3902A65BBDF00F46F16 /* Resources */ = {
			isa = PBXResourcesBuildPhase;
			buildActionMask = 2147483647;
			files = (
			);
			runOnlyForDeploymentPostprocessing = 0;
		};
		3C72F39A2A65BBDF00F46F16 /* Resources */ = {
			isa = PBXResourcesBuildPhase;
			buildActionMask = 2147483647;
			files = (
			);
			runOnlyForDeploymentPostprocessing = 0;
		};
/* End PBXResourcesBuildPhase section */

/* Begin PBXSourcesBuildPhase section */
		3C72F37E2A65BBDE00F46F16 /* Sources */ = {
			isa = PBXSourcesBuildPhase;
			buildActionMask = 2147483647;
			files = (
				3C72F3882A65BBDE00F46F16 /* ContentView.swift in Sources */,
				3C72F3862A65BBDE00F46F16 /* Now_n__NextApp.swift in Sources */,
			);
			runOnlyForDeploymentPostprocessing = 0;
		};
		3C72F38E2A65BBDF00F46F16 /* Sources */ = {
			isa = PBXSourcesBuildPhase;
			buildActionMask = 2147483647;
			files = (
				3C72F3972A65BBDF00F46F16 /* Now_n__NextTests.swift in Sources */,
			);
			runOnlyForDeploymentPostprocessing = 0;
		};
		3C72F3982A65BBDF00F46F16 /* Sources */ = {
			isa = PBXSourcesBuildPhase;
			buildActionMask = 2147483647;
			files = (
				3C72F3A12A65BBDF00F46F16 /* Now_n__NextUITests.swift in Sources */,
				3C72F3A32A65BBDF00F46F16 /* Now_n__NextUITestsLaunchTests.swift in Sources */,
			);
			runOnlyForDeploymentPostprocessing = 0;
		};
/* End PBXSourcesBuildPhase section */

/* Begin PBXTargetDependency section */
		3C72F3942A65BBDF00F46F16 /* PBXTargetDependency */ = {
			isa = PBXTargetDependency;
			target = 3C72F3812A65BBDE00F46F16 /* Now n' Next */;
			targetProxy = 3C72F3932A65BBDF00F46F16 /* PBXContainerItemProxy */;
		};
		3C72F39E2A65BBDF00F46F16 /* PBXTargetDependency */ = {
			isa = PBXTargetDependency;
			target = 3C72F3812A65BBDE00F46F16 /* Now n' Next */;
			targetProxy = 3C72F39D2A65BBDF00F46F16 /* PBXContainerItemProxy */;
		};
/* End PBXTargetDependency section */

/* Begin XCBuildConfiguration section */
		3C72F3A42A65BBDF00F46F16 /* Debug */ = {
			isa = XCBuildConfiguration;
			buildSettings = {
				ALWAYS_SEARCH_USER_PATHS = NO;
				CLANG_ANALYZER_NONNULL = YES;
				CLANG_ANALYZER_NUMBER_OBJECT_CONVERSION = YES_AGGRESSIVE;
				CLANG_CXX_LANGUAGE_STANDARD = "gnu++20";
				CLANG_ENABLE_MODULES = YES;
				CLANG_ENABLE_OBJC_ARC = YES;
				CLANG_ENABLE_OBJC_WEAK = YES;
				CLANG_WARN_BLOCK_CAPTURE_AUTORELEASING = YES;
				CLANG_WARN_BOOL_CONVERSION = YES;
				CLANG_WARN_COMMA = YES;
				CLANG_WARN_CONSTANT_CONVERSION = YES;
				CLANG_WARN_DEPRECATED_OBJC_IMPLEMENTATIONS = YES;
				CLANG_WARN_DIRECT_OBJC_ISA_USAGE = YES_ERROR;
				CLANG_WARN_DOCUMENTATION_COMMENTS = YES;
				CLANG_WARN_EMPTY_BODY = YES;
				CLANG_WARN_ENUM_CONVERSION = YES;
				CLANG_WARN_INFINITE_RECURSION = YES;
				CLANG_WARN_INT_CONVERSION = YES;
				CLANG_WARN_NON_LITERAL_NULL_CONVERSION = YES;
				CLANG_WARN_OBJC_IMPLICIT_RETAIN_SELF = YES;
				CLANG_WARN_OBJC_LITERAL_CONVERSION = YES;
				CLANG_WARN_OBJC_ROOT_CLASS = YES_ERROR;
				CLANG_WARN_QUOTED_INCLUDE_IN_FRAMEWORK_HEADER = YES;
				CLANG_WARN_RANGE_LOOP_ANALYSIS = YES;
				CLANG_WARN_STRICT_PROTOTYPES = YES;
				CLANG_WARN_SUSPICIOUS_MOVE = YES;
				CLANG_WARN_UNGUARDED_AVAILABILITY = YES_AGGRESSIVE;
				CLANG_WARN_UNREACHABLE_CODE = YES;
				CLANG_WARN__DUPLICATE_METHOD_MATCH = YES;
				COPY_PHASE_STRIP = NO;
				DEBUG_INFORMATION_FORMAT = dwarf;
				ENABLE_STRICT_OBJC_MSGSEND = YES;
				ENABLE_TESTABILITY = YES;
				GCC_C_LANGUAGE_STANDARD = gnu11;
				GCC_DYNAMIC_NO_PIC = NO;
				GCC_NO_COMMON_BLOCKS = YES;
				GCC_OPTIMIZATION_LEVEL = 0;
				GCC_PREPROCESSOR_DEFINITIONS = (
					"DEBUG=1",
					"$(inherited)",
				);
				GCC_WARN_64_TO_32_BIT_CONVERSION = YES;
				GCC_WARN_ABOUT_RETURN_TYPE = YES_ERROR;
				GCC_WARN_UNDECLARED_SELECTOR = YES;
				GCC_WARN_UNINITIALIZED_AUTOS = YES_AGGRESSIVE;
				GCC_WARN_UNUSED_FUNCTION = YES;
				GCC_WARN_UNUSED_VARIABLE = YES;
				IPHONEOS_DEPLOYMENT_TARGET = 16.4;
				MTL_ENABLE_DEBUG_INFO = INCLUDE_SOURCE;
				MTL_FAST_MATH = YES;
				ONLY_ACTIVE_ARCH = YES;
				SDKROOT = iphoneos;
				SWIFT_ACTIVE_COMPILATION_CONDITIONS = DEBUG;
				SWIFT_OPTIMIZATION_LEVEL = "-Onone";
			};
			name = Debug;
		};
		3C72F3A52A65BBDF00F46F16 /* Release */ = {
			isa = XCBuildConfiguration;
			buildSettings = {
				ALWAYS_SEARCH_USER_PATHS = NO;
				CLANG_ANALYZER_NONNULL = YES;
				CLANG_ANALYZER_NUMBER_OBJECT_CONVERSION = YES_AGGRESSIVE;
				CLANG_CXX_LANGUAGE_STANDARD = "gnu++20";
				CLANG_ENABLE_MODULES = YES;
				CLANG_ENABLE_OBJC_ARC = YES;
				CLANG_ENABLE_OBJC_WEAK = YES;
				CLANG_WARN_BLOCK_CAPTURE_AUTORELEASING = YES;
				CLANG_WARN_BOOL_CONVERSION = YES;
				CLANG_WARN_COMMA = YES;
				CLANG_WARN_CONSTANT_CONVERSION = YES;
				CLANG_WARN_DEPRECATED_OBJC_IMPLEMENTATIONS = YES;
				CLANG_WARN_DIRECT_OBJC_ISA_USAGE = YES_ERROR;
				CLANG_WARN_DOCUMENTATION_COMMENTS = YES;
				CLANG_WARN_EMPTY_BODY = YES;
				CLANG_WARN_ENUM_CONVERSION = YES;
				CLANG_WARN_INFINITE_RECURSION = YES;
				CLANG_WARN_INT_CONVERSION = YES;
				CLANG_WARN_NON_LITERAL_NULL_CONVERSION = YES;
				CLANG_WARN_OBJC_IMPLICIT_RETAIN_SELF = YES;
				CLANG_WARN_OBJC_LITERAL_CONVERSION = YES;
				CLANG_WARN_OBJC_ROOT_CLASS = YES_ERROR;
				CLANG_WARN_QUOTED_INCLUDE_IN_FRAMEWORK_HEADER = YES;
				CLANG_WARN_RANGE_LOOP_ANALYSIS = YES;
				CLANG_WARN_STRICT_PROTOTYPES = YES;
				CLANG_WARN_SUSPICIOUS_MOVE = YES;
				CLANG_WARN_UNGUARDED_AVAILABILITY = YES_AGGRESSIVE;
				CLANG_WARN_UNREACHABLE_CODE = YES;
				CLANG_WARN__DUPLICATE_METHOD_MATCH = YES;
				COPY_PHASE_STRIP = NO;
				DEBUG_INFORMATION_FORMAT = "dwarf-with-dsym";
				ENABLE_NS_ASSERTIONS = NO;
				ENABLE_STRICT_OBJC_MSGSEND = YES;
				GCC_C_LANGUAGE_STANDARD = gnu11;
				GCC_NO_COMMON_BLOCKS = YES;
				GCC_WARN_64_TO_32_BIT_CONVERSION = YES;
				GCC_WARN_ABOUT_RETURN_TYPE = YES_ERROR;
				GCC_WARN_UNDECLARED_SELECTOR = YES;
				GCC_WARN_UNINITIALIZED_AUTOS = YES_AGGRESSIVE;
				GCC_WARN_UNUSED_FUNCTION = YES;
				GCC_WARN_UNUSED_VARIABLE = YES;
				IPHONEOS_DEPLOYMENT_TARGET = 16.4;
				MTL_ENABLE_DEBUG_INFO = NO;
				MTL_FAST_MATH = YES;
				SDKROOT = iphoneos;
				SWIFT_COMPILATION_MODE = wholemodule;
				SWIFT_OPTIMIZATION_LEVEL = "-O";
				VALIDATE_PRODUCT = YES;
			};
			name = Release;
		};
		3C72F3A72A65BBDF00F46F16 /* Debug */ = {
			isa = XCBuildConfiguration;
			buildSettings = {
				ASSETCATALOG_COMPILER_APPICON_NAME = AppIcon;
				ASSETCATALOG_COMPILER_GLOBAL_ACCENT_COLOR_NAME = AccentColor;
				CODE_SIGN_STYLE = Automatic;
				CURRENT_PROJECT_VERSION = 1;
				DEVELOPMENT_ASSET_PATHS = "\"Now n' Next/Preview Content\"";
				ENABLE_PREVIEWS = YES;
				GENERATE_INFOPLIST_FILE = YES;
				INFOPLIST_KEY_UIApplicationSceneManifest_Generation = YES;
				INFOPLIST_KEY_UIApplicationSupportsIndirectInputEvents = YES;
				INFOPLIST_KEY_UILaunchScreen_Generation = YES;
				INFOPLIST_KEY_UISupportedInterfaceOrientations_iPad = "UIInterfaceOrientationPortrait UIInterfaceOrientationPortraitUpsideDown UIInterfaceOrientationLandscapeLeft UIInterfaceOrientationLandscapeRight";
				INFOPLIST_KEY_UISupportedInterfaceOrientations_iPhone = "UIInterfaceOrientationPortrait UIInterfaceOrientationLandscapeLeft UIInterfaceOrientationLandscapeRight";
				LD_RUNPATH_SEARCH_PATHS = (
					"$(inherited)",
					"@executable_path/Frameworks",
				);
				MARKETING_VERSION = 1.0;
				PRODUCT_BUNDLE_IDENTIFIER = "kwk.Now-n--Next";
				PRODUCT_NAME = "$(TARGET_NAME)";
				SWIFT_EMIT_LOC_STRINGS = YES;
				SWIFT_VERSION = 5.0;
				TARGETED_DEVICE_FAMILY = "1,2";
			};
			name = Debug;
		};
		3C72F3A82A65BBDF00F46F16 /* Release */ = {
			isa = XCBuildConfiguration;
			buildSettings = {
				ASSETCATALOG_COMPILER_APPICON_NAME = AppIcon;
				ASSETCATALOG_COMPILER_GLOBAL_ACCENT_COLOR_NAME = AccentColor;
				CODE_SIGN_STYLE = Automatic;
				CURRENT_PROJECT_VERSION = 1;
				DEVELOPMENT_ASSET_PATHS = "\"Now n' Next/Preview Content\"";
				ENABLE_PREVIEWS = YES;
				GENERATE_INFOPLIST_FILE = YES;
				INFOPLIST_KEY_UIApplicationSceneManifest_Generation = YES;
				INFOPLIST_KEY_UIApplicationSupportsIndirectInputEvents = YES;
				INFOPLIST_KEY_UILaunchScreen_Generation = YES;
				INFOPLIST_KEY_UISupportedInterfaceOrientations_iPad = "UIInterfaceOrientationPortrait UIInterfaceOrientationPortraitUpsideDown UIInterfaceOrientationLandscapeLeft UIInterfaceOrientationLandscapeRight";
				INFOPLIST_KEY_UISupportedInterfaceOrientations_iPhone = "UIInterfaceOrientationPortrait UIInterfaceOrientationLandscapeLeft UIInterfaceOrientationLandscapeRight";
				LD_RUNPATH_SEARCH_PATHS = (
					"$(inherited)",
					"@executable_path/Frameworks",
				);
				MARKETING_VERSION = 1.0;
				PRODUCT_BUNDLE_IDENTIFIER = "kwk.Now-n--Next";
				PRODUCT_NAME = "$(TARGET_NAME)";
				SWIFT_EMIT_LOC_STRINGS = YES;
				SWIFT_VERSION = 5.0;
				TARGETED_DEVICE_FAMILY = "1,2";
			};
			name = Release;
		};
		3C72F3AA2A65BBDF00F46F16 /* Debug */ = {
			isa = XCBuildConfiguration;
			buildSettings = {
				ALWAYS_EMBED_SWIFT_STANDARD_LIBRARIES = YES;
				BUNDLE_LOADER = "$(TEST_HOST)";
				CODE_SIGN_STYLE = Automatic;
				CURRENT_PROJECT_VERSION = 1;
				GENERATE_INFOPLIST_FILE = YES;
				IPHONEOS_DEPLOYMENT_TARGET = 16.4;
				MARKETING_VERSION = 1.0;
				PRODUCT_BUNDLE_IDENTIFIER = "kwk.Now-n--NextTests";
				PRODUCT_NAME = "$(TARGET_NAME)";
				SWIFT_EMIT_LOC_STRINGS = NO;
				SWIFT_VERSION = 5.0;
				TARGETED_DEVICE_FAMILY = "1,2";
				TEST_HOST = "$(BUILT_PRODUCTS_DIR)/Now n' Next.app/$(BUNDLE_EXECUTABLE_FOLDER_PATH)/Now n' Next";
			};
			name = Debug;
		};
		3C72F3AB2A65BBDF00F46F16 /* Release */ = {
			isa = XCBuildConfiguration;
			buildSettings = {
				ALWAYS_EMBED_SWIFT_STANDARD_LIBRARIES = YES;
				BUNDLE_LOADER = "$(TEST_HOST)";
				CODE_SIGN_STYLE = Automatic;
				CURRENT_PROJECT_VERSION = 1;
				GENERATE_INFOPLIST_FILE = YES;
				IPHONEOS_DEPLOYMENT_TARGET = 16.4;
				MARKETING_VERSION = 1.0;
				PRODUCT_BUNDLE_IDENTIFIER = "kwk.Now-n--NextTests";
				PRODUCT_NAME = "$(TARGET_NAME)";
				SWIFT_EMIT_LOC_STRINGS = NO;
				SWIFT_VERSION = 5.0;
				TARGETED_DEVICE_FAMILY = "1,2";
				TEST_HOST = "$(BUILT_PRODUCTS_DIR)/Now n' Next.app/$(BUNDLE_EXECUTABLE_FOLDER_PATH)/Now n' Next";
			};
			name = Release;
		};
		3C72F3AD2A65BBDF00F46F16 /* Debug */ = {
			isa = XCBuildConfiguration;
			buildSettings = {
				ALWAYS_EMBED_SWIFT_STANDARD_LIBRARIES = YES;
				CODE_SIGN_STYLE = Automatic;
				CURRENT_PROJECT_VERSION = 1;
				GENERATE_INFOPLIST_FILE = YES;
				MARKETING_VERSION = 1.0;
				PRODUCT_BUNDLE_IDENTIFIER = "kwk.Now-n--NextUITests";
				PRODUCT_NAME = "$(TARGET_NAME)";
				SWIFT_EMIT_LOC_STRINGS = NO;
				SWIFT_VERSION = 5.0;
				TARGETED_DEVICE_FAMILY = "1,2";
				TEST_TARGET_NAME = "Now n' Next";
			};
			name = Debug;
		};
		3C72F3AE2A65BBDF00F46F16 /* Release */ = {
			isa = XCBuildConfiguration;
			buildSettings = {
				ALWAYS_EMBED_SWIFT_STANDARD_LIBRARIES = YES;
				CODE_SIGN_STYLE = Automatic;
				CURRENT_PROJECT_VERSION = 1;
				GENERATE_INFOPLIST_FILE = YES;
				MARKETING_VERSION = 1.0;
				PRODUCT_BUNDLE_IDENTIFIER = "kwk.Now-n--NextUITests";
				PRODUCT_NAME = "$(TARGET_NAME)";
				SWIFT_EMIT_LOC_STRINGS = NO;
				SWIFT_VERSION = 5.0;
				TARGETED_DEVICE_FAMILY = "1,2";
				TEST_TARGET_NAME = "Now n' Next";
			};
			name = Release;
		};
/* End XCBuildConfiguration section */

/* Begin XCConfigurationList section */
		3C72F37D2A65BBDE00F46F16 /* Build configuration list for PBXProject "Now n' Next" */ = {
			isa = XCConfigurationList;
			buildConfigurations = (
				3C72F3A42A65BBDF00F46F16 /* Debug */,
				3C72F3A52A65BBDF00F46F16 /* Release */,
			);
			defaultConfigurationIsVisible = 0;
			defaultConfigurationName = Release;
		};
		3C72F3A62A65BBDF00F46F16 /* Build configuration list for PBXNativeTarget "Now n' Next" */ = {
			isa = XCConfigurationList;
			buildConfigurations = (
				3C72F3A72A65BBDF00F46F16 /* Debug */,
				3C72F3A82A65BBDF00F46F16 /* Release */,
			);
			defaultConfigurationIsVisible = 0;
			defaultConfigurationName = Release;
		};
		3C72F3A92A65BBDF00F46F16 /* Build configuration list for PBXNativeTarget "Now n' NextTests" */ = {
			isa = XCConfigurationList;
			buildConfigurations = (
				3C72F3AA2A65BBDF00F46F16 /* Debug */,
				3C72F3AB2A65BBDF00F46F16 /* Release */,
			);
			defaultConfigurationIsVisible = 0;
			defaultConfigurationName = Release;
		};
		3C72F3AC2A65BBDF00F46F16 /* Build configuration list for PBXNativeTarget "Now n' NextUITests" */ = {
			isa = XCConfigurationList;
			buildConfigurations = (
				3C72F3AD2A65BBDF00F46F16 /* Debug */,
				3C72F3AE2A65BBDF00F46F16 /* Release */,
			);
			defaultConfigurationIsVisible = 0;
			defaultConfigurationName = Release;
		};
/* End XCConfigurationList section */
	};
	rootObject = 3C72F37A2A65BBDE00F46F16 /* Project object */;
}
